
Microsoft Visual Studio Solution File, Format Version 12.00
# Visual Studio 15
VisualStudioVersion = 15.0.26730.8
MinimumVisualStudioVersion = 10.0.40219.1
Project("{2150E333-8FDC-42A3-9474-1A3956D46DE8}") = "1- Presentacion", "1- Presentacion", "{52BFF167-D9EF-4DAB-8FFD-3E9BD2587359}"
EndProject
Project("{2150E333-8FDC-42A3-9474-1A3956D46DE8}") = "2- Aplicacion", "2- Aplicacion", "{0EEA700F-58C3-41F2-B4E1-230DC45A50D7}"
EndProject
Project("{2150E333-8FDC-42A3-9474-1A3956D46DE8}") = "3- Servicios", "3- Servicios", "{F295C44D-10F4-4049-9FF3-A7F0CB10E5AC}"
EndProject
Project("{2150E333-8FDC-42A3-9474-1A3956D46DE8}") = "4- Dominio", "4- Dominio", "{3053596A-AE11-4729-ACFE-100DA2184202}"
EndProject
Project("{FAE04EC0-301F-11D3-BF4B-00C04F79EFBC}") = "Dominio", "Dominio\Dominio.csproj", "{DC527029-EF46-4119-9CC1-BC1D3E760A9D}"
EndProject
Project("{2150E333-8FDC-42A3-9474-1A3956D46DE8}") = "5- Infraestructura", "5- Infraestructura", "{5B21F810-F02A-46E5-944B-76E6613EBA57}"
EndProject
Project("{FAE04EC0-301F-11D3-BF4B-00C04F79EFBC}") = "Infraestructura", "Infraestructura\Infraestructura.csproj", "{C326BB20-1369-436C-88AE-E107F6DF32A3}"
EndProject
Project("{FAE04EC0-301F-11D3-BF4B-00C04F79EFBC}") = "Aplicacion.Conexion", "Aplicacion.Conexion\Aplicacion.Conexion.csproj", "{59643AD7-727C-4E38-8D70-0E1E4812EEAD}"
EndProject
Project("{FAE04EC0-301F-11D3-BF4B-00C04F79EFBC}") = "Aplicacion.IoC", "Aplicacion.IoC\Aplicacion.IoC.csproj", "{BFD596B3-0408-4EA9-9606-7A5AA3671075}"
EndProject
Project("{FAE04EC0-301F-11D3-BF4B-00C04F79EFBC}") = "Servicio", "Servicio\Servicio.csproj", "{600AA5C1-93BC-457F-B09C-03A7B854AAE4}"
EndProject
Project("{FAE04EC0-301F-11D3-BF4B-00C04F79EFBC}") = "Servicio.Interface", "Servicio.Interface\Servicio.Interface.csproj", "{C991E65B-DDB8-475E-922E-130DEC80647B}"
EndProject
Project("{FAE04EC0-301F-11D3-BF4B-00C04F79EFBC}") = "NutricionWeb", "NutricionWeb\NutricionWeb.csproj", "{F0704D42-96C8-420F-A706-2AA476E69225}"
EndProject
Project("{FAE04EC0-301F-11D3-BF4B-00C04F79EFBC}") = "NutricionWebApi", "NutricionWebApi\NutricionWebApi.csproj", "{62369856-AEE7-4111-AF34-61BDC602D1B1}"
EndProject
Project("{2150E333-8FDC-42A3-9474-1A3956D46DE8}") = "6-Puente", "6-Puente", "{960E0346-BC99-4B0D-ABBB-5BD88378B7FE}"
EndProject
Project("{FAE04EC0-301F-11D3-BF4B-00C04F79EFBC}") = "Bridge", "Bridge\Bridge.csproj", "{D393DEA4-6655-440E-930E-12FED4A79F4F}"
EndProject
Global
	GlobalSection(SolutionConfigurationPlatforms) = preSolution
		Ad-Hoc|Any CPU = Ad-Hoc|Any CPU
		Ad-Hoc|ARM = Ad-Hoc|ARM
		Ad-Hoc|iPhone = Ad-Hoc|iPhone
		Ad-Hoc|iPhoneSimulator = Ad-Hoc|iPhoneSimulator
		Ad-Hoc|x64 = Ad-Hoc|x64
		Ad-Hoc|x86 = Ad-Hoc|x86
		AppStore|Any CPU = AppStore|Any CPU
		AppStore|ARM = AppStore|ARM
		AppStore|iPhone = AppStore|iPhone
		AppStore|iPhoneSimulator = AppStore|iPhoneSimulator
		AppStore|x64 = AppStore|x64
		AppStore|x86 = AppStore|x86
		Debug|Any CPU = Debug|Any CPU
		Debug|ARM = Debug|ARM
		Debug|iPhone = Debug|iPhone
		Debug|iPhoneSimulator = Debug|iPhoneSimulator
		Debug|x64 = Debug|x64
		Debug|x86 = Debug|x86
		Release|Any CPU = Release|Any CPU
		Release|ARM = Release|ARM
		Release|iPhone = Release|iPhone
		Release|iPhoneSimulator = Release|iPhoneSimulator
		Release|x64 = Release|x64
		Release|x86 = Release|x86
	EndGlobalSection
	GlobalSection(ProjectConfigurationPlatforms) = postSolution
		{DC527029-EF46-4119-9CC1-BC1D3E760A9D}.Ad-Hoc|Any CPU.ActiveCfg = Release|Any CPU
		{DC527029-EF46-4119-9CC1-BC1D3E760A9D}.Ad-Hoc|Any CPU.Build.0 = Release|Any CPU
		{DC527029-EF46-4119-9CC1-BC1D3E760A9D}.Ad-Hoc|ARM.ActiveCfg = Release|Any CPU
		{DC527029-EF46-4119-9CC1-BC1D3E760A9D}.Ad-Hoc|ARM.Build.0 = Release|Any CPU
		{DC527029-EF46-4119-9CC1-BC1D3E760A9D}.Ad-Hoc|iPhone.ActiveCfg = Release|Any CPU
		{DC527029-EF46-4119-9CC1-BC1D3E760A9D}.Ad-Hoc|iPhone.Build.0 = Release|Any CPU
		{DC527029-EF46-4119-9CC1-BC1D3E760A9D}.Ad-Hoc|iPhoneSimulator.ActiveCfg = Release|Any CPU
		{DC527029-EF46-4119-9CC1-BC1D3E760A9D}.Ad-Hoc|iPhoneSimulator.Build.0 = Release|Any CPU
		{DC527029-EF46-4119-9CC1-BC1D3E760A9D}.Ad-Hoc|x64.ActiveCfg = Release|Any CPU
		{DC527029-EF46-4119-9CC1-BC1D3E760A9D}.Ad-Hoc|x64.Build.0 = Release|Any CPU
		{DC527029-EF46-4119-9CC1-BC1D3E760A9D}.Ad-Hoc|x86.ActiveCfg = Release|Any CPU
		{DC527029-EF46-4119-9CC1-BC1D3E760A9D}.Ad-Hoc|x86.Build.0 = Release|Any CPU
		{DC527029-EF46-4119-9CC1-BC1D3E760A9D}.AppStore|Any CPU.ActiveCfg = Release|Any CPU
		{DC527029-EF46-4119-9CC1-BC1D3E760A9D}.AppStore|Any CPU.Build.0 = Release|Any CPU
		{DC527029-EF46-4119-9CC1-BC1D3E760A9D}.AppStore|ARM.ActiveCfg = Release|Any CPU
		{DC527029-EF46-4119-9CC1-BC1D3E760A9D}.AppStore|ARM.Build.0 = Release|Any CPU
		{DC527029-EF46-4119-9CC1-BC1D3E760A9D}.AppStore|iPhone.ActiveCfg = Release|Any CPU
		{DC527029-EF46-4119-9CC1-BC1D3E760A9D}.AppStore|iPhone.Build.0 = Release|Any CPU
		{DC527029-EF46-4119-9CC1-BC1D3E760A9D}.AppStore|iPhoneSimulator.ActiveCfg = Release|Any CPU
		{DC527029-EF46-4119-9CC1-BC1D3E760A9D}.AppStore|iPhoneSimulator.Build.0 = Release|Any CPU
		{DC527029-EF46-4119-9CC1-BC1D3E760A9D}.AppStore|x64.ActiveCfg = Release|Any CPU
		{DC527029-EF46-4119-9CC1-BC1D3E760A9D}.AppStore|x64.Build.0 = Release|Any CPU
		{DC527029-EF46-4119-9CC1-BC1D3E760A9D}.AppStore|x86.ActiveCfg = Release|Any CPU
		{DC527029-EF46-4119-9CC1-BC1D3E760A9D}.AppStore|x86.Build.0 = Release|Any CPU
		{DC527029-EF46-4119-9CC1-BC1D3E760A9D}.Debug|Any CPU.ActiveCfg = Debug|Any CPU
		{DC527029-EF46-4119-9CC1-BC1D3E760A9D}.Debug|Any CPU.Build.0 = Debug|Any CPU
		{DC527029-EF46-4119-9CC1-BC1D3E760A9D}.Debug|ARM.ActiveCfg = Debug|Any CPU
		{DC527029-EF46-4119-9CC1-BC1D3E760A9D}.Debug|ARM.Build.0 = Debug|Any CPU
		{DC527029-EF46-4119-9CC1-BC1D3E760A9D}.Debug|iPhone.ActiveCfg = Debug|Any CPU
		{DC527029-EF46-4119-9CC1-BC1D3E760A9D}.Debug|iPhone.Build.0 = Debug|Any CPU
		{DC527029-EF46-4119-9CC1-BC1D3E760A9D}.Debug|iPhoneSimulator.ActiveCfg = Debug|Any CPU
		{DC527029-EF46-4119-9CC1-BC1D3E760A9D}.Debug|iPhoneSimulator.Build.0 = Debug|Any CPU
		{DC527029-EF46-4119-9CC1-BC1D3E760A9D}.Debug|x64.ActiveCfg = Debug|Any CPU
		{DC527029-EF46-4119-9CC1-BC1D3E760A9D}.Debug|x64.Build.0 = Debug|Any CPU
		{DC527029-EF46-4119-9CC1-BC1D3E760A9D}.Debug|x86.ActiveCfg = Debug|Any CPU
		{DC527029-EF46-4119-9CC1-BC1D3E760A9D}.Debug|x86.Build.0 = Debug|Any CPU
		{DC527029-EF46-4119-9CC1-BC1D3E760A9D}.Release|Any CPU.ActiveCfg = Release|Any CPU
		{DC527029-EF46-4119-9CC1-BC1D3E760A9D}.Release|Any CPU.Build.0 = Release|Any CPU
		{DC527029-EF46-4119-9CC1-BC1D3E760A9D}.Release|ARM.ActiveCfg = Release|Any CPU
		{DC527029-EF46-4119-9CC1-BC1D3E760A9D}.Release|ARM.Build.0 = Release|Any CPU
		{DC527029-EF46-4119-9CC1-BC1D3E760A9D}.Release|iPhone.ActiveCfg = Release|Any CPU
		{DC527029-EF46-4119-9CC1-BC1D3E760A9D}.Release|iPhone.Build.0 = Release|Any CPU
		{DC527029-EF46-4119-9CC1-BC1D3E760A9D}.Release|iPhoneSimulator.ActiveCfg = Release|Any CPU
		{DC527029-EF46-4119-9CC1-BC1D3E760A9D}.Release|iPhoneSimulator.Build.0 = Release|Any CPU
		{DC527029-EF46-4119-9CC1-BC1D3E760A9D}.Release|x64.ActiveCfg = Release|Any CPU
		{DC527029-EF46-4119-9CC1-BC1D3E760A9D}.Release|x64.Build.0 = Release|Any CPU
		{DC527029-EF46-4119-9CC1-BC1D3E760A9D}.Release|x86.ActiveCfg = Release|Any CPU
		{DC527029-EF46-4119-9CC1-BC1D3E760A9D}.Release|x86.Build.0 = Release|Any CPU
		{C326BB20-1369-436C-88AE-E107F6DF32A3}.Ad-Hoc|Any CPU.ActiveCfg = Release|Any CPU
		{C326BB20-1369-436C-88AE-E107F6DF32A3}.Ad-Hoc|Any CPU.Build.0 = Release|Any CPU
		{C326BB20-1369-436C-88AE-E107F6DF32A3}.Ad-Hoc|ARM.ActiveCfg = Release|Any CPU
		{C326BB20-1369-436C-88AE-E107F6DF32A3}.Ad-Hoc|ARM.Build.0 = Release|Any CPU
		{C326BB20-1369-436C-88AE-E107F6DF32A3}.Ad-Hoc|iPhone.ActiveCfg = Release|Any CPU
		{C326BB20-1369-436C-88AE-E107F6DF32A3}.Ad-Hoc|iPhone.Build.0 = Release|Any CPU
		{C326BB20-1369-436C-88AE-E107F6DF32A3}.Ad-Hoc|iPhoneSimulator.ActiveCfg = Release|Any CPU
		{C326BB20-1369-436C-88AE-E107F6DF32A3}.Ad-Hoc|iPhoneSimulator.Build.0 = Release|Any CPU
		{C326BB20-1369-436C-88AE-E107F6DF32A3}.Ad-Hoc|x64.ActiveCfg = Release|Any CPU
		{C326BB20-1369-436C-88AE-E107F6DF32A3}.Ad-Hoc|x64.Build.0 = Release|Any CPU
		{C326BB20-1369-436C-88AE-E107F6DF32A3}.Ad-Hoc|x86.ActiveCfg = Release|Any CPU
		{C326BB20-1369-436C-88AE-E107F6DF32A3}.Ad-Hoc|x86.Build.0 = Release|Any CPU
		{C326BB20-1369-436C-88AE-E107F6DF32A3}.AppStore|Any CPU.ActiveCfg = Release|Any CPU
		{C326BB20-1369-436C-88AE-E107F6DF32A3}.AppStore|Any CPU.Build.0 = Release|Any CPU
		{C326BB20-1369-436C-88AE-E107F6DF32A3}.AppStore|ARM.ActiveCfg = Release|Any CPU
		{C326BB20-1369-436C-88AE-E107F6DF32A3}.AppStore|ARM.Build.0 = Release|Any CPU
		{C326BB20-1369-436C-88AE-E107F6DF32A3}.AppStore|iPhone.ActiveCfg = Release|Any CPU
		{C326BB20-1369-436C-88AE-E107F6DF32A3}.AppStore|iPhone.Build.0 = Release|Any CPU
		{C326BB20-1369-436C-88AE-E107F6DF32A3}.AppStore|iPhoneSimulator.ActiveCfg = Release|Any CPU
		{C326BB20-1369-436C-88AE-E107F6DF32A3}.AppStore|iPhoneSimulator.Build.0 = Release|Any CPU
		{C326BB20-1369-436C-88AE-E107F6DF32A3}.AppStore|x64.ActiveCfg = Release|Any CPU
		{C326BB20-1369-436C-88AE-E107F6DF32A3}.AppStore|x64.Build.0 = Release|Any CPU
		{C326BB20-1369-436C-88AE-E107F6DF32A3}.AppStore|x86.ActiveCfg = Release|Any CPU
		{C326BB20-1369-436C-88AE-E107F6DF32A3}.AppStore|x86.Build.0 = Release|Any CPU
		{C326BB20-1369-436C-88AE-E107F6DF32A3}.Debug|Any CPU.ActiveCfg = Debug|Any CPU
		{C326BB20-1369-436C-88AE-E107F6DF32A3}.Debug|Any CPU.Build.0 = Debug|Any CPU
		{C326BB20-1369-436C-88AE-E107F6DF32A3}.Debug|ARM.ActiveCfg = Debug|Any CPU
		{C326BB20-1369-436C-88AE-E107F6DF32A3}.Debug|ARM.Build.0 = Debug|Any CPU
		{C326BB20-1369-436C-88AE-E107F6DF32A3}.Debug|iPhone.ActiveCfg = Debug|Any CPU
		{C326BB20-1369-436C-88AE-E107F6DF32A3}.Debug|iPhone.Build.0 = Debug|Any CPU
		{C326BB20-1369-436C-88AE-E107F6DF32A3}.Debug|iPhoneSimulator.ActiveCfg = Debug|Any CPU
		{C326BB20-1369-436C-88AE-E107F6DF32A3}.Debug|iPhoneSimulator.Build.0 = Debug|Any CPU
		{C326BB20-1369-436C-88AE-E107F6DF32A3}.Debug|x64.ActiveCfg = Debug|Any CPU
		{C326BB20-1369-436C-88AE-E107F6DF32A3}.Debug|x64.Build.0 = Debug|Any CPU
		{C326BB20-1369-436C-88AE-E107F6DF32A3}.Debug|x86.ActiveCfg = Debug|Any CPU
		{C326BB20-1369-436C-88AE-E107F6DF32A3}.Debug|x86.Build.0 = Debug|Any CPU
		{C326BB20-1369-436C-88AE-E107F6DF32A3}.Release|Any CPU.ActiveCfg = Release|Any CPU
		{C326BB20-1369-436C-88AE-E107F6DF32A3}.Release|Any CPU.Build.0 = Release|Any CPU
		{C326BB20-1369-436C-88AE-E107F6DF32A3}.Release|ARM.ActiveCfg = Release|Any CPU
		{C326BB20-1369-436C-88AE-E107F6DF32A3}.Release|ARM.Build.0 = Release|Any CPU
		{C326BB20-1369-436C-88AE-E107F6DF32A3}.Release|iPhone.ActiveCfg = Release|Any CPU
		{C326BB20-1369-436C-88AE-E107F6DF32A3}.Release|iPhone.Build.0 = Release|Any CPU
		{C326BB20-1369-436C-88AE-E107F6DF32A3}.Release|iPhoneSimulator.ActiveCfg = Release|Any CPU
		{C326BB20-1369-436C-88AE-E107F6DF32A3}.Release|iPhoneSimulator.Build.0 = Release|Any CPU
		{C326BB20-1369-436C-88AE-E107F6DF32A3}.Release|x64.ActiveCfg = Release|Any CPU
		{C326BB20-1369-436C-88AE-E107F6DF32A3}.Release|x64.Build.0 = Release|Any CPU
		{C326BB20-1369-436C-88AE-E107F6DF32A3}.Release|x86.ActiveCfg = Release|Any CPU
		{C326BB20-1369-436C-88AE-E107F6DF32A3}.Release|x86.Build.0 = Release|Any CPU
		{59643AD7-727C-4E38-8D70-0E1E4812EEAD}.Ad-Hoc|Any CPU.ActiveCfg = Release|Any CPU
		{59643AD7-727C-4E38-8D70-0E1E4812EEAD}.Ad-Hoc|Any CPU.Build.0 = Release|Any CPU
		{59643AD7-727C-4E38-8D70-0E1E4812EEAD}.Ad-Hoc|ARM.ActiveCfg = Release|Any CPU
		{59643AD7-727C-4E38-8D70-0E1E4812EEAD}.Ad-Hoc|ARM.Build.0 = Release|Any CPU
		{59643AD7-727C-4E38-8D70-0E1E4812EEAD}.Ad-Hoc|iPhone.ActiveCfg = Release|Any CPU
		{59643AD7-727C-4E38-8D70-0E1E4812EEAD}.Ad-Hoc|iPhone.Build.0 = Release|Any CPU
		{59643AD7-727C-4E38-8D70-0E1E4812EEAD}.Ad-Hoc|iPhoneSimulator.ActiveCfg = Release|Any CPU
		{59643AD7-727C-4E38-8D70-0E1E4812EEAD}.Ad-Hoc|iPhoneSimulator.Build.0 = Release|Any CPU
		{59643AD7-727C-4E38-8D70-0E1E4812EEAD}.Ad-Hoc|x64.ActiveCfg = Release|Any CPU
		{59643AD7-727C-4E38-8D70-0E1E4812EEAD}.Ad-Hoc|x64.Build.0 = Release|Any CPU
		{59643AD7-727C-4E38-8D70-0E1E4812EEAD}.Ad-Hoc|x86.ActiveCfg = Release|Any CPU
		{59643AD7-727C-4E38-8D70-0E1E4812EEAD}.Ad-Hoc|x86.Build.0 = Release|Any CPU
		{59643AD7-727C-4E38-8D70-0E1E4812EEAD}.AppStore|Any CPU.ActiveCfg = Release|Any CPU
		{59643AD7-727C-4E38-8D70-0E1E4812EEAD}.AppStore|Any CPU.Build.0 = Release|Any CPU
		{59643AD7-727C-4E38-8D70-0E1E4812EEAD}.AppStore|ARM.ActiveCfg = Release|Any CPU
		{59643AD7-727C-4E38-8D70-0E1E4812EEAD}.AppStore|ARM.Build.0 = Release|Any CPU
		{59643AD7-727C-4E38-8D70-0E1E4812EEAD}.AppStore|iPhone.ActiveCfg = Release|Any CPU
		{59643AD7-727C-4E38-8D70-0E1E4812EEAD}.AppStore|iPhone.Build.0 = Release|Any CPU
		{59643AD7-727C-4E38-8D70-0E1E4812EEAD}.AppStore|iPhoneSimulator.ActiveCfg = Release|Any CPU
		{59643AD7-727C-4E38-8D70-0E1E4812EEAD}.AppStore|iPhoneSimulator.Build.0 = Release|Any CPU
		{59643AD7-727C-4E38-8D70-0E1E4812EEAD}.AppStore|x64.ActiveCfg = Release|Any CPU
		{59643AD7-727C-4E38-8D70-0E1E4812EEAD}.AppStore|x64.Build.0 = Release|Any CPU
		{59643AD7-727C-4E38-8D70-0E1E4812EEAD}.AppStore|x86.ActiveCfg = Release|Any CPU
		{59643AD7-727C-4E38-8D70-0E1E4812EEAD}.AppStore|x86.Build.0 = Release|Any CPU
		{59643AD7-727C-4E38-8D70-0E1E4812EEAD}.Debug|Any CPU.ActiveCfg = Debug|Any CPU
		{59643AD7-727C-4E38-8D70-0E1E4812EEAD}.Debug|Any CPU.Build.0 = Debug|Any CPU
		{59643AD7-727C-4E38-8D70-0E1E4812EEAD}.Debug|ARM.ActiveCfg = Debug|Any CPU
		{59643AD7-727C-4E38-8D70-0E1E4812EEAD}.Debug|ARM.Build.0 = Debug|Any CPU
		{59643AD7-727C-4E38-8D70-0E1E4812EEAD}.Debug|iPhone.ActiveCfg = Debug|Any CPU
		{59643AD7-727C-4E38-8D70-0E1E4812EEAD}.Debug|iPhone.Build.0 = Debug|Any CPU
		{59643AD7-727C-4E38-8D70-0E1E4812EEAD}.Debug|iPhoneSimulator.ActiveCfg = Debug|Any CPU
		{59643AD7-727C-4E38-8D70-0E1E4812EEAD}.Debug|iPhoneSimulator.Build.0 = Debug|Any CPU
		{59643AD7-727C-4E38-8D70-0E1E4812EEAD}.Debug|x64.ActiveCfg = Debug|Any CPU
		{59643AD7-727C-4E38-8D70-0E1E4812EEAD}.Debug|x64.Build.0 = Debug|Any CPU
		{59643AD7-727C-4E38-8D70-0E1E4812EEAD}.Debug|x86.ActiveCfg = Debug|Any CPU
		{59643AD7-727C-4E38-8D70-0E1E4812EEAD}.Debug|x86.Build.0 = Debug|Any CPU
		{59643AD7-727C-4E38-8D70-0E1E4812EEAD}.Release|Any CPU.ActiveCfg = Release|Any CPU
		{59643AD7-727C-4E38-8D70-0E1E4812EEAD}.Release|Any CPU.Build.0 = Release|Any CPU
		{59643AD7-727C-4E38-8D70-0E1E4812EEAD}.Release|ARM.ActiveCfg = Release|Any CPU
		{59643AD7-727C-4E38-8D70-0E1E4812EEAD}.Release|ARM.Build.0 = Release|Any CPU
		{59643AD7-727C-4E38-8D70-0E1E4812EEAD}.Release|iPhone.ActiveCfg = Release|Any CPU
		{59643AD7-727C-4E38-8D70-0E1E4812EEAD}.Release|iPhone.Build.0 = Release|Any CPU
		{59643AD7-727C-4E38-8D70-0E1E4812EEAD}.Release|iPhoneSimulator.ActiveCfg = Release|Any CPU
		{59643AD7-727C-4E38-8D70-0E1E4812EEAD}.Release|iPhoneSimulator.Build.0 = Release|Any CPU
		{59643AD7-727C-4E38-8D70-0E1E4812EEAD}.Release|x64.ActiveCfg = Release|Any CPU
		{59643AD7-727C-4E38-8D70-0E1E4812EEAD}.Release|x64.Build.0 = Release|Any CPU
		{59643AD7-727C-4E38-8D70-0E1E4812EEAD}.Release|x86.ActiveCfg = Release|Any CPU
		{59643AD7-727C-4E38-8D70-0E1E4812EEAD}.Release|x86.Build.0 = Release|Any CPU
		{BFD596B3-0408-4EA9-9606-7A5AA3671075}.Ad-Hoc|Any CPU.ActiveCfg = Release|Any CPU
		{BFD596B3-0408-4EA9-9606-7A5AA3671075}.Ad-Hoc|Any CPU.Build.0 = Release|Any CPU
		{BFD596B3-0408-4EA9-9606-7A5AA3671075}.Ad-Hoc|ARM.ActiveCfg = Release|Any CPU
		{BFD596B3-0408-4EA9-9606-7A5AA3671075}.Ad-Hoc|ARM.Build.0 = Release|Any CPU
		{BFD596B3-0408-4EA9-9606-7A5AA3671075}.Ad-Hoc|iPhone.ActiveCfg = Release|Any CPU
		{BFD596B3-0408-4EA9-9606-7A5AA3671075}.Ad-Hoc|iPhone.Build.0 = Release|Any CPU
		{BFD596B3-0408-4EA9-9606-7A5AA3671075}.Ad-Hoc|iPhoneSimulator.ActiveCfg = Release|Any CPU
		{BFD596B3-0408-4EA9-9606-7A5AA3671075}.Ad-Hoc|iPhoneSimulator.Build.0 = Release|Any CPU
		{BFD596B3-0408-4EA9-9606-7A5AA3671075}.Ad-Hoc|x64.ActiveCfg = Release|Any CPU
		{BFD596B3-0408-4EA9-9606-7A5AA3671075}.Ad-Hoc|x64.Build.0 = Release|Any CPU
		{BFD596B3-0408-4EA9-9606-7A5AA3671075}.Ad-Hoc|x86.ActiveCfg = Release|Any CPU
		{BFD596B3-0408-4EA9-9606-7A5AA3671075}.Ad-Hoc|x86.Build.0 = Release|Any CPU
		{BFD596B3-0408-4EA9-9606-7A5AA3671075}.AppStore|Any CPU.ActiveCfg = Release|Any CPU
		{BFD596B3-0408-4EA9-9606-7A5AA3671075}.AppStore|Any CPU.Build.0 = Release|Any CPU
		{BFD596B3-0408-4EA9-9606-7A5AA3671075}.AppStore|ARM.ActiveCfg = Release|Any CPU
		{BFD596B3-0408-4EA9-9606-7A5AA3671075}.AppStore|ARM.Build.0 = Release|Any CPU
		{BFD596B3-0408-4EA9-9606-7A5AA3671075}.AppStore|iPhone.ActiveCfg = Release|Any CPU
		{BFD596B3-0408-4EA9-9606-7A5AA3671075}.AppStore|iPhone.Build.0 = Release|Any CPU
		{BFD596B3-0408-4EA9-9606-7A5AA3671075}.AppStore|iPhoneSimulator.ActiveCfg = Release|Any CPU
		{BFD596B3-0408-4EA9-9606-7A5AA3671075}.AppStore|iPhoneSimulator.Build.0 = Release|Any CPU
		{BFD596B3-0408-4EA9-9606-7A5AA3671075}.AppStore|x64.ActiveCfg = Release|Any CPU
		{BFD596B3-0408-4EA9-9606-7A5AA3671075}.AppStore|x64.Build.0 = Release|Any CPU
		{BFD596B3-0408-4EA9-9606-7A5AA3671075}.AppStore|x86.ActiveCfg = Release|Any CPU
		{BFD596B3-0408-4EA9-9606-7A5AA3671075}.AppStore|x86.Build.0 = Release|Any CPU
		{BFD596B3-0408-4EA9-9606-7A5AA3671075}.Debug|Any CPU.ActiveCfg = Debug|Any CPU
		{BFD596B3-0408-4EA9-9606-7A5AA3671075}.Debug|Any CPU.Build.0 = Debug|Any CPU
		{BFD596B3-0408-4EA9-9606-7A5AA3671075}.Debug|ARM.ActiveCfg = Debug|Any CPU
		{BFD596B3-0408-4EA9-9606-7A5AA3671075}.Debug|ARM.Build.0 = Debug|Any CPU
		{BFD596B3-0408-4EA9-9606-7A5AA3671075}.Debug|iPhone.ActiveCfg = Debug|Any CPU
		{BFD596B3-0408-4EA9-9606-7A5AA3671075}.Debug|iPhone.Build.0 = Debug|Any CPU
		{BFD596B3-0408-4EA9-9606-7A5AA3671075}.Debug|iPhoneSimulator.ActiveCfg = Debug|Any CPU
		{BFD596B3-0408-4EA9-9606-7A5AA3671075}.Debug|iPhoneSimulator.Build.0 = Debug|Any CPU
		{BFD596B3-0408-4EA9-9606-7A5AA3671075}.Debug|x64.ActiveCfg = Debug|Any CPU
		{BFD596B3-0408-4EA9-9606-7A5AA3671075}.Debug|x64.Build.0 = Debug|Any CPU
		{BFD596B3-0408-4EA9-9606-7A5AA3671075}.Debug|x86.ActiveCfg = Debug|Any CPU
		{BFD596B3-0408-4EA9-9606-7A5AA3671075}.Debug|x86.Build.0 = Debug|Any CPU
		{BFD596B3-0408-4EA9-9606-7A5AA3671075}.Release|Any CPU.ActiveCfg = Release|Any CPU
		{BFD596B3-0408-4EA9-9606-7A5AA3671075}.Release|Any CPU.Build.0 = Release|Any CPU
		{BFD596B3-0408-4EA9-9606-7A5AA3671075}.Release|ARM.ActiveCfg = Release|Any CPU
		{BFD596B3-0408-4EA9-9606-7A5AA3671075}.Release|ARM.Build.0 = Release|Any CPU
		{BFD596B3-0408-4EA9-9606-7A5AA3671075}.Release|iPhone.ActiveCfg = Release|Any CPU
		{BFD596B3-0408-4EA9-9606-7A5AA3671075}.Release|iPhone.Build.0 = Release|Any CPU
		{BFD596B3-0408-4EA9-9606-7A5AA3671075}.Release|iPhoneSimulator.ActiveCfg = Release|Any CPU
		{BFD596B3-0408-4EA9-9606-7A5AA3671075}.Release|iPhoneSimulator.Build.0 = Release|Any CPU
		{BFD596B3-0408-4EA9-9606-7A5AA3671075}.Release|x64.ActiveCfg = Release|Any CPU
		{BFD596B3-0408-4EA9-9606-7A5AA3671075}.Release|x64.Build.0 = Release|Any CPU
		{BFD596B3-0408-4EA9-9606-7A5AA3671075}.Release|x86.ActiveCfg = Release|Any CPU
		{BFD596B3-0408-4EA9-9606-7A5AA3671075}.Release|x86.Build.0 = Release|Any CPU
		{600AA5C1-93BC-457F-B09C-03A7B854AAE4}.Ad-Hoc|Any CPU.ActiveCfg = Release|Any CPU
		{600AA5C1-93BC-457F-B09C-03A7B854AAE4}.Ad-Hoc|Any CPU.Build.0 = Release|Any CPU
		{600AA5C1-93BC-457F-B09C-03A7B854AAE4}.Ad-Hoc|ARM.ActiveCfg = Release|Any CPU
		{600AA5C1-93BC-457F-B09C-03A7B854AAE4}.Ad-Hoc|ARM.Build.0 = Release|Any CPU
		{600AA5C1-93BC-457F-B09C-03A7B854AAE4}.Ad-Hoc|iPhone.ActiveCfg = Release|Any CPU
		{600AA5C1-93BC-457F-B09C-03A7B854AAE4}.Ad-Hoc|iPhone.Build.0 = Release|Any CPU
		{600AA5C1-93BC-457F-B09C-03A7B854AAE4}.Ad-Hoc|iPhoneSimulator.ActiveCfg = Release|Any CPU
		{600AA5C1-93BC-457F-B09C-03A7B854AAE4}.Ad-Hoc|iPhoneSimulator.Build.0 = Release|Any CPU
		{600AA5C1-93BC-457F-B09C-03A7B854AAE4}.Ad-Hoc|x64.ActiveCfg = Release|Any CPU
		{600AA5C1-93BC-457F-B09C-03A7B854AAE4}.Ad-Hoc|x64.Build.0 = Release|Any CPU
		{600AA5C1-93BC-457F-B09C-03A7B854AAE4}.Ad-Hoc|x86.ActiveCfg = Release|Any CPU
		{600AA5C1-93BC-457F-B09C-03A7B854AAE4}.Ad-Hoc|x86.Build.0 = Release|Any CPU
		{600AA5C1-93BC-457F-B09C-03A7B854AAE4}.AppStore|Any CPU.ActiveCfg = Release|Any CPU
		{600AA5C1-93BC-457F-B09C-03A7B854AAE4}.AppStore|Any CPU.Build.0 = Release|Any CPU
		{600AA5C1-93BC-457F-B09C-03A7B854AAE4}.AppStore|ARM.ActiveCfg = Release|Any CPU
		{600AA5C1-93BC-457F-B09C-03A7B854AAE4}.AppStore|ARM.Build.0 = Release|Any CPU
		{600AA5C1-93BC-457F-B09C-03A7B854AAE4}.AppStore|iPhone.ActiveCfg = Release|Any CPU
		{600AA5C1-93BC-457F-B09C-03A7B854AAE4}.AppStore|iPhone.Build.0 = Release|Any CPU
		{600AA5C1-93BC-457F-B09C-03A7B854AAE4}.AppStore|iPhoneSimulator.ActiveCfg = Release|Any CPU
		{600AA5C1-93BC-457F-B09C-03A7B854AAE4}.AppStore|iPhoneSimulator.Build.0 = Release|Any CPU
		{600AA5C1-93BC-457F-B09C-03A7B854AAE4}.AppStore|x64.ActiveCfg = Release|Any CPU
		{600AA5C1-93BC-457F-B09C-03A7B854AAE4}.AppStore|x64.Build.0 = Release|Any CPU
		{600AA5C1-93BC-457F-B09C-03A7B854AAE4}.AppStore|x86.ActiveCfg = Release|Any CPU
		{600AA5C1-93BC-457F-B09C-03A7B854AAE4}.AppStore|x86.Build.0 = Release|Any CPU
		{600AA5C1-93BC-457F-B09C-03A7B854AAE4}.Debug|Any CPU.ActiveCfg = Debug|Any CPU
		{600AA5C1-93BC-457F-B09C-03A7B854AAE4}.Debug|Any CPU.Build.0 = Debug|Any CPU
		{600AA5C1-93BC-457F-B09C-03A7B854AAE4}.Debug|ARM.ActiveCfg = Debug|Any CPU
		{600AA5C1-93BC-457F-B09C-03A7B854AAE4}.Debug|ARM.Build.0 = Debug|Any CPU
		{600AA5C1-93BC-457F-B09C-03A7B854AAE4}.Debug|iPhone.ActiveCfg = Debug|Any CPU
		{600AA5C1-93BC-457F-B09C-03A7B854AAE4}.Debug|iPhone.Build.0 = Debug|Any CPU
		{600AA5C1-93BC-457F-B09C-03A7B854AAE4}.Debug|iPhoneSimulator.ActiveCfg = Debug|Any CPU
		{600AA5C1-93BC-457F-B09C-03A7B854AAE4}.Debug|iPhoneSimulator.Build.0 = Debug|Any CPU
		{600AA5C1-93BC-457F-B09C-03A7B854AAE4}.Debug|x64.ActiveCfg = Debug|Any CPU
		{600AA5C1-93BC-457F-B09C-03A7B854AAE4}.Debug|x64.Build.0 = Debug|Any CPU
		{600AA5C1-93BC-457F-B09C-03A7B854AAE4}.Debug|x86.ActiveCfg = Debug|Any CPU
		{600AA5C1-93BC-457F-B09C-03A7B854AAE4}.Debug|x86.Build.0 = Debug|Any CPU
		{600AA5C1-93BC-457F-B09C-03A7B854AAE4}.Release|Any CPU.ActiveCfg = Release|Any CPU
		{600AA5C1-93BC-457F-B09C-03A7B854AAE4}.Release|Any CPU.Build.0 = Release|Any CPU
		{600AA5C1-93BC-457F-B09C-03A7B854AAE4}.Release|ARM.ActiveCfg = Release|Any CPU
		{600AA5C1-93BC-457F-B09C-03A7B854AAE4}.Release|ARM.Build.0 = Release|Any CPU
		{600AA5C1-93BC-457F-B09C-03A7B854AAE4}.Release|iPhone.ActiveCfg = Release|Any CPU
		{600AA5C1-93BC-457F-B09C-03A7B854AAE4}.Release|iPhone.Build.0 = Release|Any CPU
		{600AA5C1-93BC-457F-B09C-03A7B854AAE4}.Release|iPhoneSimulator.ActiveCfg = Release|Any CPU
		{600AA5C1-93BC-457F-B09C-03A7B854AAE4}.Release|iPhoneSimulator.Build.0 = Release|Any CPU
		{600AA5C1-93BC-457F-B09C-03A7B854AAE4}.Release|x64.ActiveCfg = Release|Any CPU
		{600AA5C1-93BC-457F-B09C-03A7B854AAE4}.Release|x64.Build.0 = Release|Any CPU
		{600AA5C1-93BC-457F-B09C-03A7B854AAE4}.Release|x86.ActiveCfg = Release|Any CPU
		{600AA5C1-93BC-457F-B09C-03A7B854AAE4}.Release|x86.Build.0 = Release|Any CPU
		{C991E65B-DDB8-475E-922E-130DEC80647B}.Ad-Hoc|Any CPU.ActiveCfg = Release|Any CPU
		{C991E65B-DDB8-475E-922E-130DEC80647B}.Ad-Hoc|Any CPU.Build.0 = Release|Any CPU
		{C991E65B-DDB8-475E-922E-130DEC80647B}.Ad-Hoc|ARM.ActiveCfg = Release|Any CPU
		{C991E65B-DDB8-475E-922E-130DEC80647B}.Ad-Hoc|ARM.Build.0 = Release|Any CPU
		{C991E65B-DDB8-475E-922E-130DEC80647B}.Ad-Hoc|iPhone.ActiveCfg = Release|Any CPU
		{C991E65B-DDB8-475E-922E-130DEC80647B}.Ad-Hoc|iPhone.Build.0 = Release|Any CPU
		{C991E65B-DDB8-475E-922E-130DEC80647B}.Ad-Hoc|iPhoneSimulator.ActiveCfg = Release|Any CPU
		{C991E65B-DDB8-475E-922E-130DEC80647B}.Ad-Hoc|iPhoneSimulator.Build.0 = Release|Any CPU
		{C991E65B-DDB8-475E-922E-130DEC80647B}.Ad-Hoc|x64.ActiveCfg = Release|Any CPU
		{C991E65B-DDB8-475E-922E-130DEC80647B}.Ad-Hoc|x64.Build.0 = Release|Any CPU
		{C991E65B-DDB8-475E-922E-130DEC80647B}.Ad-Hoc|x86.ActiveCfg = Release|Any CPU
		{C991E65B-DDB8-475E-922E-130DEC80647B}.Ad-Hoc|x86.Build.0 = Release|Any CPU
		{C991E65B-DDB8-475E-922E-130DEC80647B}.AppStore|Any CPU.ActiveCfg = Release|Any CPU
		{C991E65B-DDB8-475E-922E-130DEC80647B}.AppStore|Any CPU.Build.0 = Release|Any CPU
		{C991E65B-DDB8-475E-922E-130DEC80647B}.AppStore|ARM.ActiveCfg = Release|Any CPU
		{C991E65B-DDB8-475E-922E-130DEC80647B}.AppStore|ARM.Build.0 = Release|Any CPU
		{C991E65B-DDB8-475E-922E-130DEC80647B}.AppStore|iPhone.ActiveCfg = Release|Any CPU
		{C991E65B-DDB8-475E-922E-130DEC80647B}.AppStore|iPhone.Build.0 = Release|Any CPU
		{C991E65B-DDB8-475E-922E-130DEC80647B}.AppStore|iPhoneSimulator.ActiveCfg = Release|Any CPU
		{C991E65B-DDB8-475E-922E-130DEC80647B}.AppStore|iPhoneSimulator.Build.0 = Release|Any CPU
		{C991E65B-DDB8-475E-922E-130DEC80647B}.AppStore|x64.ActiveCfg = Release|Any CPU
		{C991E65B-DDB8-475E-922E-130DEC80647B}.AppStore|x64.Build.0 = Release|Any CPU
		{C991E65B-DDB8-475E-922E-130DEC80647B}.AppStore|x86.ActiveCfg = Release|Any CPU
		{C991E65B-DDB8-475E-922E-130DEC80647B}.AppStore|x86.Build.0 = Release|Any CPU
		{C991E65B-DDB8-475E-922E-130DEC80647B}.Debug|Any CPU.ActiveCfg = Debug|Any CPU
		{C991E65B-DDB8-475E-922E-130DEC80647B}.Debug|Any CPU.Build.0 = Debug|Any CPU
		{C991E65B-DDB8-475E-922E-130DEC80647B}.Debug|ARM.ActiveCfg = Debug|Any CPU
		{C991E65B-DDB8-475E-922E-130DEC80647B}.Debug|ARM.Build.0 = Debug|Any CPU
		{C991E65B-DDB8-475E-922E-130DEC80647B}.Debug|iPhone.ActiveCfg = Debug|Any CPU
		{C991E65B-DDB8-475E-922E-130DEC80647B}.Debug|iPhone.Build.0 = Debug|Any CPU
		{C991E65B-DDB8-475E-922E-130DEC80647B}.Debug|iPhoneSimulator.ActiveCfg = Debug|Any CPU
		{C991E65B-DDB8-475E-922E-130DEC80647B}.Debug|iPhoneSimulator.Build.0 = Debug|Any CPU
		{C991E65B-DDB8-475E-922E-130DEC80647B}.Debug|x64.ActiveCfg = Debug|Any CPU
		{C991E65B-DDB8-475E-922E-130DEC80647B}.Debug|x64.Build.0 = Debug|Any CPU
		{C991E65B-DDB8-475E-922E-130DEC80647B}.Debug|x86.ActiveCfg = Debug|Any CPU
		{C991E65B-DDB8-475E-922E-130DEC80647B}.Debug|x86.Build.0 = Debug|Any CPU
		{C991E65B-DDB8-475E-922E-130DEC80647B}.Release|Any CPU.ActiveCfg = Release|Any CPU
		{C991E65B-DDB8-475E-922E-130DEC80647B}.Release|Any CPU.Build.0 = Release|Any CPU
		{C991E65B-DDB8-475E-922E-130DEC80647B}.Release|ARM.ActiveCfg = Release|Any CPU
		{C991E65B-DDB8-475E-922E-130DEC80647B}.Release|ARM.Build.0 = Release|Any CPU
		{C991E65B-DDB8-475E-922E-130DEC80647B}.Release|iPhone.ActiveCfg = Release|Any CPU
		{C991E65B-DDB8-475E-922E-130DEC80647B}.Release|iPhone.Build.0 = Release|Any CPU
		{C991E65B-DDB8-475E-922E-130DEC80647B}.Release|iPhoneSimulator.ActiveCfg = Release|Any CPU
		{C991E65B-DDB8-475E-922E-130DEC80647B}.Release|iPhoneSimulator.Build.0 = Release|Any CPU
		{C991E65B-DDB8-475E-922E-130DEC80647B}.Release|x64.ActiveCfg = Release|Any CPU
		{C991E65B-DDB8-475E-922E-130DEC80647B}.Release|x64.Build.0 = Release|Any CPU
		{C991E65B-DDB8-475E-922E-130DEC80647B}.Release|x86.ActiveCfg = Release|Any CPU
		{C991E65B-DDB8-475E-922E-130DEC80647B}.Release|x86.Build.0 = Release|Any CPU
		{F0704D42-96C8-420F-A706-2AA476E69225}.Ad-Hoc|Any CPU.ActiveCfg = Release|Any CPU
		{F0704D42-96C8-420F-A706-2AA476E69225}.Ad-Hoc|Any CPU.Build.0 = Release|Any CPU
		{F0704D42-96C8-420F-A706-2AA476E69225}.Ad-Hoc|ARM.ActiveCfg = Release|Any CPU
		{F0704D42-96C8-420F-A706-2AA476E69225}.Ad-Hoc|ARM.Build.0 = Release|Any CPU
		{F0704D42-96C8-420F-A706-2AA476E69225}.Ad-Hoc|iPhone.ActiveCfg = Release|Any CPU
		{F0704D42-96C8-420F-A706-2AA476E69225}.Ad-Hoc|iPhone.Build.0 = Release|Any CPU
		{F0704D42-96C8-420F-A706-2AA476E69225}.Ad-Hoc|iPhoneSimulator.ActiveCfg = Release|Any CPU
		{F0704D42-96C8-420F-A706-2AA476E69225}.Ad-Hoc|iPhoneSimulator.Build.0 = Release|Any CPU
		{F0704D42-96C8-420F-A706-2AA476E69225}.Ad-Hoc|x64.ActiveCfg = Release|Any CPU
		{F0704D42-96C8-420F-A706-2AA476E69225}.Ad-Hoc|x64.Build.0 = Release|Any CPU
		{F0704D42-96C8-420F-A706-2AA476E69225}.Ad-Hoc|x86.ActiveCfg = Release|Any CPU
		{F0704D42-96C8-420F-A706-2AA476E69225}.Ad-Hoc|x86.Build.0 = Release|Any CPU
		{F0704D42-96C8-420F-A706-2AA476E69225}.AppStore|Any CPU.ActiveCfg = Release|Any CPU
		{F0704D42-96C8-420F-A706-2AA476E69225}.AppStore|Any CPU.Build.0 = Release|Any CPU
		{F0704D42-96C8-420F-A706-2AA476E69225}.AppStore|ARM.ActiveCfg = Release|Any CPU
		{F0704D42-96C8-420F-A706-2AA476E69225}.AppStore|ARM.Build.0 = Release|Any CPU
		{F0704D42-96C8-420F-A706-2AA476E69225}.AppStore|iPhone.ActiveCfg = Release|Any CPU
		{F0704D42-96C8-420F-A706-2AA476E69225}.AppStore|iPhone.Build.0 = Release|Any CPU
		{F0704D42-96C8-420F-A706-2AA476E69225}.AppStore|iPhoneSimulator.ActiveCfg = Release|Any CPU
		{F0704D42-96C8-420F-A706-2AA476E69225}.AppStore|iPhoneSimulator.Build.0 = Release|Any CPU
		{F0704D42-96C8-420F-A706-2AA476E69225}.AppStore|x64.ActiveCfg = Release|Any CPU
		{F0704D42-96C8-420F-A706-2AA476E69225}.AppStore|x64.Build.0 = Release|Any CPU
		{F0704D42-96C8-420F-A706-2AA476E69225}.AppStore|x86.ActiveCfg = Release|Any CPU
		{F0704D42-96C8-420F-A706-2AA476E69225}.AppStore|x86.Build.0 = Release|Any CPU
		{F0704D42-96C8-420F-A706-2AA476E69225}.Debug|Any CPU.ActiveCfg = Debug|Any CPU
		{F0704D42-96C8-420F-A706-2AA476E69225}.Debug|Any CPU.Build.0 = Debug|Any CPU
		{F0704D42-96C8-420F-A706-2AA476E69225}.Debug|ARM.ActiveCfg = Debug|Any CPU
		{F0704D42-96C8-420F-A706-2AA476E69225}.Debug|ARM.Build.0 = Debug|Any CPU
		{F0704D42-96C8-420F-A706-2AA476E69225}.Debug|iPhone.ActiveCfg = Debug|Any CPU
		{F0704D42-96C8-420F-A706-2AA476E69225}.Debug|iPhone.Build.0 = Debug|Any CPU
		{F0704D42-96C8-420F-A706-2AA476E69225}.Debug|iPhoneSimulator.ActiveCfg = Debug|Any CPU
		{F0704D42-96C8-420F-A706-2AA476E69225}.Debug|iPhoneSimulator.Build.0 = Debug|Any CPU
		{F0704D42-96C8-420F-A706-2AA476E69225}.Debug|x64.ActiveCfg = Debug|Any CPU
		{F0704D42-96C8-420F-A706-2AA476E69225}.Debug|x64.Build.0 = Debug|Any CPU
		{F0704D42-96C8-420F-A706-2AA476E69225}.Debug|x86.ActiveCfg = Debug|Any CPU
		{F0704D42-96C8-420F-A706-2AA476E69225}.Debug|x86.Build.0 = Debug|Any CPU
		{F0704D42-96C8-420F-A706-2AA476E69225}.Release|Any CPU.ActiveCfg = Release|Any CPU
		{F0704D42-96C8-420F-A706-2AA476E69225}.Release|Any CPU.Build.0 = Release|Any CPU
		{F0704D42-96C8-420F-A706-2AA476E69225}.Release|ARM.ActiveCfg = Release|Any CPU
		{F0704D42-96C8-420F-A706-2AA476E69225}.Release|ARM.Build.0 = Release|Any CPU
		{F0704D42-96C8-420F-A706-2AA476E69225}.Release|iPhone.ActiveCfg = Release|Any CPU
		{F0704D42-96C8-420F-A706-2AA476E69225}.Release|iPhone.Build.0 = Release|Any CPU
		{F0704D42-96C8-420F-A706-2AA476E69225}.Release|iPhoneSimulator.ActiveCfg = Release|Any CPU
		{F0704D42-96C8-420F-A706-2AA476E69225}.Release|iPhoneSimulator.Build.0 = Release|Any CPU
		{F0704D42-96C8-420F-A706-2AA476E69225}.Release|x64.ActiveCfg = Release|Any CPU
		{F0704D42-96C8-420F-A706-2AA476E69225}.Release|x64.Build.0 = Release|Any CPU
		{F0704D42-96C8-420F-A706-2AA476E69225}.Release|x86.ActiveCfg = Release|Any CPU
		{F0704D42-96C8-420F-A706-2AA476E69225}.Release|x86.Build.0 = Release|Any CPU
		{62369856-AEE7-4111-AF34-61BDC602D1B1}.Ad-Hoc|Any CPU.ActiveCfg = Release|Any CPU
		{62369856-AEE7-4111-AF34-61BDC602D1B1}.Ad-Hoc|Any CPU.Build.0 = Release|Any CPU
		{62369856-AEE7-4111-AF34-61BDC602D1B1}.Ad-Hoc|ARM.ActiveCfg = Release|Any CPU
		{62369856-AEE7-4111-AF34-61BDC602D1B1}.Ad-Hoc|ARM.Build.0 = Release|Any CPU
		{62369856-AEE7-4111-AF34-61BDC602D1B1}.Ad-Hoc|iPhone.ActiveCfg = Release|Any CPU
		{62369856-AEE7-4111-AF34-61BDC602D1B1}.Ad-Hoc|iPhone.Build.0 = Release|Any CPU
		{62369856-AEE7-4111-AF34-61BDC602D1B1}.Ad-Hoc|iPhoneSimulator.ActiveCfg = Release|Any CPU
		{62369856-AEE7-4111-AF34-61BDC602D1B1}.Ad-Hoc|iPhoneSimulator.Build.0 = Release|Any CPU
		{62369856-AEE7-4111-AF34-61BDC602D1B1}.Ad-Hoc|x64.ActiveCfg = Release|Any CPU
		{62369856-AEE7-4111-AF34-61BDC602D1B1}.Ad-Hoc|x64.Build.0 = Release|Any CPU
		{62369856-AEE7-4111-AF34-61BDC602D1B1}.Ad-Hoc|x86.ActiveCfg = Release|Any CPU
		{62369856-AEE7-4111-AF34-61BDC602D1B1}.Ad-Hoc|x86.Build.0 = Release|Any CPU
		{62369856-AEE7-4111-AF34-61BDC602D1B1}.AppStore|Any CPU.ActiveCfg = Release|Any CPU
		{62369856-AEE7-4111-AF34-61BDC602D1B1}.AppStore|Any CPU.Build.0 = Release|Any CPU
		{62369856-AEE7-4111-AF34-61BDC602D1B1}.AppStore|ARM.ActiveCfg = Release|Any CPU
		{62369856-AEE7-4111-AF34-61BDC602D1B1}.AppStore|ARM.Build.0 = Release|Any CPU
		{62369856-AEE7-4111-AF34-61BDC602D1B1}.AppStore|iPhone.ActiveCfg = Release|Any CPU
		{62369856-AEE7-4111-AF34-61BDC602D1B1}.AppStore|iPhone.Build.0 = Release|Any CPU
		{62369856-AEE7-4111-AF34-61BDC602D1B1}.AppStore|iPhoneSimulator.ActiveCfg = Release|Any CPU
		{62369856-AEE7-4111-AF34-61BDC602D1B1}.AppStore|iPhoneSimulator.Build.0 = Release|Any CPU
		{62369856-AEE7-4111-AF34-61BDC602D1B1}.AppStore|x64.ActiveCfg = Release|Any CPU
		{62369856-AEE7-4111-AF34-61BDC602D1B1}.AppStore|x64.Build.0 = Release|Any CPU
		{62369856-AEE7-4111-AF34-61BDC602D1B1}.AppStore|x86.ActiveCfg = Release|Any CPU
		{62369856-AEE7-4111-AF34-61BDC602D1B1}.AppStore|x86.Build.0 = Release|Any CPU
		{62369856-AEE7-4111-AF34-61BDC602D1B1}.Debug|Any CPU.ActiveCfg = Debug|Any CPU
		{62369856-AEE7-4111-AF34-61BDC602D1B1}.Debug|Any CPU.Build.0 = Debug|Any CPU
		{62369856-AEE7-4111-AF34-61BDC602D1B1}.Debug|ARM.ActiveCfg = Debug|Any CPU
		{62369856-AEE7-4111-AF34-61BDC602D1B1}.Debug|ARM.Build.0 = Debug|Any CPU
		{62369856-AEE7-4111-AF34-61BDC602D1B1}.Debug|iPhone.ActiveCfg = Debug|Any CPU
		{62369856-AEE7-4111-AF34-61BDC602D1B1}.Debug|iPhone.Build.0 = Debug|Any CPU
		{62369856-AEE7-4111-AF34-61BDC602D1B1}.Debug|iPhoneSimulator.ActiveCfg = Debug|Any CPU
		{62369856-AEE7-4111-AF34-61BDC602D1B1}.Debug|iPhoneSimulator.Build.0 = Debug|Any CPU
		{62369856-AEE7-4111-AF34-61BDC602D1B1}.Debug|x64.ActiveCfg = Debug|Any CPU
		{62369856-AEE7-4111-AF34-61BDC602D1B1}.Debug|x64.Build.0 = Debug|Any CPU
		{62369856-AEE7-4111-AF34-61BDC602D1B1}.Debug|x86.ActiveCfg = Debug|Any CPU
		{62369856-AEE7-4111-AF34-61BDC602D1B1}.Debug|x86.Build.0 = Debug|Any CPU
		{62369856-AEE7-4111-AF34-61BDC602D1B1}.Release|Any CPU.ActiveCfg = Release|Any CPU
		{62369856-AEE7-4111-AF34-61BDC602D1B1}.Release|Any CPU.Build.0 = Release|Any CPU
		{62369856-AEE7-4111-AF34-61BDC602D1B1}.Release|ARM.ActiveCfg = Release|Any CPU
		{62369856-AEE7-4111-AF34-61BDC602D1B1}.Release|ARM.Build.0 = Release|Any CPU
		{62369856-AEE7-4111-AF34-61BDC602D1B1}.Release|iPhone.ActiveCfg = Release|Any CPU
		{62369856-AEE7-4111-AF34-61BDC602D1B1}.Release|iPhone.Build.0 = Release|Any CPU
		{62369856-AEE7-4111-AF34-61BDC602D1B1}.Release|iPhoneSimulator.ActiveCfg = Release|Any CPU
		{62369856-AEE7-4111-AF34-61BDC602D1B1}.Release|iPhoneSimulator.Build.0 = Release|Any CPU
		{62369856-AEE7-4111-AF34-61BDC602D1B1}.Release|x64.ActiveCfg = Release|Any CPU
		{62369856-AEE7-4111-AF34-61BDC602D1B1}.Release|x64.Build.0 = Release|Any CPU
		{62369856-AEE7-4111-AF34-61BDC602D1B1}.Release|x86.ActiveCfg = Release|Any CPU
		{62369856-AEE7-4111-AF34-61BDC602D1B1}.Release|x86.Build.0 = Release|Any CPU
		{D393DEA4-6655-440E-930E-12FED4A79F4F}.Ad-Hoc|Any CPU.ActiveCfg = Release|Any CPU
		{D393DEA4-6655-440E-930E-12FED4A79F4F}.Ad-Hoc|Any CPU.Build.0 = Release|Any CPU
		{D393DEA4-6655-440E-930E-12FED4A79F4F}.Ad-Hoc|ARM.ActiveCfg = Release|Any CPU
		{D393DEA4-6655-440E-930E-12FED4A79F4F}.Ad-Hoc|ARM.Build.0 = Release|Any CPU
		{D393DEA4-6655-440E-930E-12FED4A79F4F}.Ad-Hoc|iPhone.ActiveCfg = Release|Any CPU
		{D393DEA4-6655-440E-930E-12FED4A79F4F}.Ad-Hoc|iPhone.Build.0 = Release|Any CPU
		{D393DEA4-6655-440E-930E-12FED4A79F4F}.Ad-Hoc|iPhoneSimulator.ActiveCfg = Release|Any CPU
		{D393DEA4-6655-440E-930E-12FED4A79F4F}.Ad-Hoc|iPhoneSimulator.Build.0 = Release|Any CPU
		{D393DEA4-6655-440E-930E-12FED4A79F4F}.Ad-Hoc|x64.ActiveCfg = Release|Any CPU
		{D393DEA4-6655-440E-930E-12FED4A79F4F}.Ad-Hoc|x64.Build.0 = Release|Any CPU
		{D393DEA4-6655-440E-930E-12FED4A79F4F}.Ad-Hoc|x86.ActiveCfg = Release|Any CPU
		{D393DEA4-6655-440E-930E-12FED4A79F4F}.Ad-Hoc|x86.Build.0 = Release|Any CPU
		{D393DEA4-6655-440E-930E-12FED4A79F4F}.AppStore|Any CPU.ActiveCfg = Release|Any CPU
		{D393DEA4-6655-440E-930E-12FED4A79F4F}.AppStore|Any CPU.Build.0 = Release|Any CPU
		{D393DEA4-6655-440E-930E-12FED4A79F4F}.AppStore|ARM.ActiveCfg = Release|Any CPU
		{D393DEA4-6655-440E-930E-12FED4A79F4F}.AppStore|ARM.Build.0 = Release|Any CPU
		{D393DEA4-6655-440E-930E-12FED4A79F4F}.AppStore|iPhone.ActiveCfg = Release|Any CPU
		{D393DEA4-6655-440E-930E-12FED4A79F4F}.AppStore|iPhone.Build.0 = Release|Any CPU
		{D393DEA4-6655-440E-930E-12FED4A79F4F}.AppStore|iPhoneSimulator.ActiveCfg = Release|Any CPU
		{D393DEA4-6655-440E-930E-12FED4A79F4F}.AppStore|iPhoneSimulator.Build.0 = Release|Any CPU
		{D393DEA4-6655-440E-930E-12FED4A79F4F}.AppStore|x64.ActiveCfg = Release|Any CPU
		{D393DEA4-6655-440E-930E-12FED4A79F4F}.AppStore|x64.Build.0 = Release|Any CPU
		{D393DEA4-6655-440E-930E-12FED4A79F4F}.AppStore|x86.ActiveCfg = Release|Any CPU
		{D393DEA4-6655-440E-930E-12FED4A79F4F}.AppStore|x86.Build.0 = Release|Any CPU
		{D393DEA4-6655-440E-930E-12FED4A79F4F}.Debug|Any CPU.ActiveCfg = Debug|Any CPU
		{D393DEA4-6655-440E-930E-12FED4A79F4F}.Debug|Any CPU.Build.0 = Debug|Any CPU
		{D393DEA4-6655-440E-930E-12FED4A79F4F}.Debug|ARM.ActiveCfg = Debug|Any CPU
		{D393DEA4-6655-440E-930E-12FED4A79F4F}.Debug|ARM.Build.0 = Debug|Any CPU
		{D393DEA4-6655-440E-930E-12FED4A79F4F}.Debug|iPhone.ActiveCfg = Debug|Any CPU
		{D393DEA4-6655-440E-930E-12FED4A79F4F}.Debug|iPhone.Build.0 = Debug|Any CPU
		{D393DEA4-6655-440E-930E-12FED4A79F4F}.Debug|iPhoneSimulator.ActiveCfg = Debug|Any CPU
		{D393DEA4-6655-440E-930E-12FED4A79F4F}.Debug|iPhoneSimulator.Build.0 = Debug|Any CPU
		{D393DEA4-6655-440E-930E-12FED4A79F4F}.Debug|x64.ActiveCfg = Debug|Any CPU
		{D393DEA4-6655-440E-930E-12FED4A79F4F}.Debug|x64.Build.0 = Debug|Any CPU
		{D393DEA4-6655-440E-930E-12FED4A79F4F}.Debug|x86.ActiveCfg = Debug|Any CPU
		{D393DEA4-6655-440E-930E-12FED4A79F4F}.Debug|x86.Build.0 = Debug|Any CPU
		{D393DEA4-6655-440E-930E-12FED4A79F4F}.Release|Any CPU.ActiveCfg = Release|Any CPU
		{D393DEA4-6655-440E-930E-12FED4A79F4F}.Release|Any CPU.Build.0 = Release|Any CPU
		{D393DEA4-6655-440E-930E-12FED4A79F4F}.Release|ARM.ActiveCfg = Release|Any CPU
		{D393DEA4-6655-440E-930E-12FED4A79F4F}.Release|ARM.Build.0 = Release|Any CPU
		{D393DEA4-6655-440E-930E-12FED4A79F4F}.Release|iPhone.ActiveCfg = Release|Any CPU
		{D393DEA4-6655-440E-930E-12FED4A79F4F}.Release|iPhone.Build.0 = Release|Any CPU
		{D393DEA4-6655-440E-930E-12FED4A79F4F}.Release|iPhoneSimulator.ActiveCfg = Release|Any CPU
		{D393DEA4-6655-440E-930E-12FED4A79F4F}.Release|iPhoneSimulator.Build.0 = Release|Any CPU
		{D393DEA4-6655-440E-930E-12FED4A79F4F}.Release|x64.ActiveCfg = Release|Any CPU
		{D393DEA4-6655-440E-930E-12FED4A79F4F}.Release|x64.Build.0 = Release|Any CPU
		{D393DEA4-6655-440E-930E-12FED4A79F4F}.Release|x86.ActiveCfg = Release|Any CPU
		{D393DEA4-6655-440E-930E-12FED4A79F4F}.Release|x86.Build.0 = Release|Any CPU
	EndGlobalSection
	GlobalSection(SolutionProperties) = preSolution
		HideSolutionNode = FALSE
	EndGlobalSection
	GlobalSection(NestedProjects) = preSolution
		{DC527029-EF46-4119-9CC1-BC1D3E760A9D} = {3053596A-AE11-4729-ACFE-100DA2184202}
		{C326BB20-1369-436C-88AE-E107F6DF32A3} = {5B21F810-F02A-46E5-944B-76E6613EBA57}
		{59643AD7-727C-4E38-8D70-0E1E4812EEAD} = {0EEA700F-58C3-41F2-B4E1-230DC45A50D7}
		{BFD596B3-0408-4EA9-9606-7A5AA3671075} = {0EEA700F-58C3-41F2-B4E1-230DC45A50D7}
		{600AA5C1-93BC-457F-B09C-03A7B854AAE4} = {F295C44D-10F4-4049-9FF3-A7F0CB10E5AC}
		{C991E65B-DDB8-475E-922E-130DEC80647B} = {F295C44D-10F4-4049-9FF3-A7F0CB10E5AC}
		{F0704D42-96C8-420F-A706-2AA476E69225} = {52BFF167-D9EF-4DAB-8FFD-3E9BD2587359}
		{62369856-AEE7-4111-AF34-61BDC602D1B1} = {52BFF167-D9EF-4DAB-8FFD-3E9BD2587359}
		{D393DEA4-6655-440E-930E-12FED4A79F4F} = {960E0346-BC99-4B0D-ABBB-5BD88378B7FE}
	EndGlobalSection
	GlobalSection(ExtensibilityGlobals) = postSolution
		SolutionGuid = {361053FE-0559-4548-AEDD-FFEABDEF3ED2}
	EndGlobalSection
EndGlobal
